// !$*UTF8*$!
{
	archiveVersion = 1;
	classes = {
	};
	objectVersion = 46;
	objects = {

/* Begin PBXBuildFile section */
		845427461E56E964000F481D /* main.m in Sources */ = {isa = PBXBuildFile; fileRef = 845427451E56E964000F481D /* main.m */; };
		845427491E56E964000F481D /* AppDelegate.m in Sources */ = {isa = PBXBuildFile; fileRef = 845427481E56E964000F481D /* AppDelegate.m */; };
		8454274C1E56E964000F481D /* ViewController.m in Sources */ = {isa = PBXBuildFile; fileRef = 8454274B1E56E964000F481D /* ViewController.m */; };
		8454274F1E56E964000F481D /* Main.storyboard in Resources */ = {isa = PBXBuildFile; fileRef = 8454274D1E56E964000F481D /* Main.storyboard */; };
		845427511E56E964000F481D /* Assets.xcassets in Resources */ = {isa = PBXBuildFile; fileRef = 845427501E56E964000F481D /* Assets.xcassets */; };
		845427541E56E964000F481D /* LaunchScreen.storyboard in Resources */ = {isa = PBXBuildFile; fileRef = 845427521E56E964000F481D /* LaunchScreen.storyboard */; };
		8454275F1E56E964000F481D /* JHWebViewTests.m in Sources */ = {isa = PBXBuildFile; fileRef = 8454275E1E56E964000F481D /* JHWebViewTests.m */; };
		8454276A1E56E964000F481D /* JHWebViewUITests.m in Sources */ = {isa = PBXBuildFile; fileRef = 845427691E56E964000F481D /* JHWebViewUITests.m */; };
/* End PBXBuildFile section */

/* Begin PBXContainerItemProxy section */
		8454275B1E56E964000F481D /* PBXContainerItemProxy */ = {
			isa = PBXContainerItemProxy;
			containerPortal = 845427391E56E964000F481D /* Project object */;
			proxyType = 1;
			remoteGlobalIDString = 845427401E56E964000F481D;
			remoteInfo = JHWebView;
		};
		845427661E56E964000F481D /* PBXContainerItemProxy */ = {
			isa = PBXContainerItemProxy;
			containerPortal = 845427391E56E964000F481D /* Project object */;
			proxyType = 1;
			remoteGlobalIDString = 845427401E56E964000F481D;
			remoteInfo = JHWebView;
		};
/* End PBXContainerItemProxy section */

/* Begin PBXFileReference section */
		845427411E56E964000F481D /* JHWebView.app */ = {isa = PBXFileReference; explicitFileType = wrapper.application; includeInIndex = 0; path = JHWebView.app; sourceTree = BUILT_PRODUCTS_DIR; };
		845427451E56E964000F481D /* main.m */ = {isa = PBXFileReference; lastKnownFileType = sourcecode.c.objc; path = main.m; sourceTree = "<group>"; };
		845427471E56E964000F481D /* AppDelegate.h */ = {isa = PBXFileReference; lastKnownFileType = sourcecode.c.h; path = AppDelegate.h; sourceTree = "<group>"; };
		845427481E56E964000F481D /* AppDelegate.m */ = {isa = PBXFileReference; lastKnownFileType = sourcecode.c.objc; path = AppDelegate.m; sourceTree = "<group>"; };
		8454274A1E56E964000F481D /* ViewController.h */ = {isa = PBXFileReference; lastKnownFileType = sourcecode.c.h; path = ViewController.h; sourceTree = "<group>"; };
		8454274B1E56E964000F481D /* ViewController.m */ = {isa = PBXFileReference; lastKnownFileType = sourcecode.c.objc; path = ViewController.m; sourceTree = "<group>"; };
		8454274E1E56E964000F481D /* Base */ = {isa = PBXFileReference; lastKnownFileType = file.storyboard; name = Base; path = Base.lproj/Main.storyboard; sourceTree = "<group>"; };
		845427501E56E964000F481D /* Assets.xcassets */ = {isa = PBXFileReference; lastKnownFileType = folder.assetcatalog; path = Assets.xcassets; sourceTree = "<group>"; };
		845427531E56E964000F481D /* Base */ = {isa = PBXFileReference; lastKnownFileType = file.storyboard; name = Base; path = Base.lproj/LaunchScreen.storyboard; sourceTree = "<group>"; };
		845427551E56E964000F481D /* Info.plist */ = {isa = PBXFileReference; lastKnownFileType = text.plist.xml; path = Info.plist; sourceTree = "<group>"; };
		8454275A1E56E964000F481D /* JHWebViewTests.xctest */ = {isa = PBXFileReference; explicitFileType = wrapper.cfbundle; includeInIndex = 0; path = JHWebViewTests.xctest; sourceTree = BUILT_PRODUCTS_DIR; };
		8454275E1E56E964000F481D /* JHWebViewTests.m */ = {isa = PBXFileReference; lastKnownFileType = sourcecode.c.objc; path = JHWebViewTests.m; sourceTree = "<group>"; };
		845427601E56E964000F481D /* Info.plist */ = {isa = PBXFileReference; lastKnownFileType = text.plist.xml; path = Info.plist; sourceTree = "<group>"; };
		845427651E56E964000F481D /* JHWebViewUITests.xctest */ = {isa = PBXFileReference; explicitFileType = wrapper.cfbundle; includeInIndex = 0; path = JHWebViewUITests.xctest; sourceTree = BUILT_PRODUCTS_DIR; };
		845427691E56E964000F481D /* JHWebViewUITests.m */ = {isa = PBXFileReference; lastKnownFileType = sourcecode.c.objc; path = JHWebViewUITests.m; sourceTree = "<group>"; };
		8454276B1E56E964000F481D /* Info.plist */ = {isa = PBXFileReference; lastKnownFileType = text.plist.xml; path = Info.plist; sourceTree = "<group>"; };
/* End PBXFileReference section */

/* Begin PBXFrameworksBuildPhase section */
		8454273E1E56E964000F481D /* Frameworks */ = {
			isa = PBXFrameworksBuildPhase;
			buildActionMask = 2147483647;
			files = (
			);
			runOnlyForDeploymentPostprocessing = 0;
		};
		845427571E56E964000F481D /* Frameworks */ = {
			isa = PBXFrameworksBuildPhase;
			buildActionMask = 2147483647;
			files = (
			);
			runOnlyForDeploymentPostprocessing = 0;
		};
		845427621E56E964000F481D /* Frameworks */ = {
			isa = PBXFrameworksBuildPhase;
			buildActionMask = 2147483647;
			files = (
			);
			runOnlyForDeploymentPostprocessing = 0;
		};
/* End PBXFrameworksBuildPhase section */

/* Begin PBXGroup section */
		845427381E56E964000F481D = {
			isa = PBXGroup;
			children = (
				845427431E56E964000F481D /* JHWebView */,
				8454275D1E56E964000F481D /* JHWebViewTests */,
				845427681E56E964000F481D /* JHWebViewUITests */,
				845427421E56E964000F481D /* Products */,
			);
			sourceTree = "<group>";
		};
		845427421E56E964000F481D /* Products */ = {
			isa = PBXGroup;
			children = (
				845427411E56E964000F481D /* JHWebView.app */,
				8454275A1E56E964000F481D /* JHWebViewTests.xctest */,
				845427651E56E964000F481D /* JHWebViewUITests.xctest */,
			);
			name = Products;
			sourceTree = "<group>";
		};
		845427431E56E964000F481D /* JHWebView */ = {
			isa = PBXGroup;
			children = (
				845427471E56E964000F481D /* AppDelegate.h */,
				845427481E56E964000F481D /* AppDelegate.m */,
				8454274A1E56E964000F481D /* ViewController.h */,
				8454274B1E56E964000F481D /* ViewController.m */,
				8454274D1E56E964000F481D /* Main.storyboard */,
				845427501E56E964000F481D /* Assets.xcassets */,
				845427521E56E964000F481D /* LaunchScreen.storyboard */,
				845427551E56E964000F481D /* Info.plist */,
				845427441E56E964000F481D /* Supporting Files */,
			);
			path = JHWebView;
			sourceTree = "<group>";
		};
		845427441E56E964000F481D /* Supporting Files */ = {
			isa = PBXGroup;
			children = (
				845427451E56E964000F481D /* main.m */,
			);
			name = "Supporting Files";
			sourceTree = "<group>";
		};
		8454275D1E56E964000F481D /* JHWebViewTests */ = {
			isa = PBXGroup;
			children = (
				8454275E1E56E964000F481D /* JHWebViewTests.m */,
				845427601E56E964000F481D /* Info.plist */,
			);
			path = JHWebViewTests;
			sourceTree = "<group>";
		};
		845427681E56E964000F481D /* JHWebViewUITests */ = {
			isa = PBXGroup;
			children = (
				845427691E56E964000F481D /* JHWebViewUITests.m */,
				8454276B1E56E964000F481D /* Info.plist */,
			);
			path = JHWebViewUITests;
			sourceTree = "<group>";
		};
/* End PBXGroup section */

/* Begin PBXNativeTarget section */
		845427401E56E964000F481D /* JHWebView */ = {
			isa = PBXNativeTarget;
			buildConfigurationList = 8454276E1E56E964000F481D /* Build configuration list for PBXNativeTarget "JHWebView" */;
			buildPhases = (
				8454273D1E56E964000F481D /* Sources */,
				8454273E1E56E964000F481D /* Frameworks */,
				8454273F1E56E964000F481D /* Resources */,
			);
			buildRules = (
			);
			dependencies = (
			);
			name = JHWebView;
			productName = JHWebView;
			productReference = 845427411E56E964000F481D /* JHWebView.app */;
			productType = "com.apple.product-type.application";
		};
		845427591E56E964000F481D /* JHWebViewTests */ = {
			isa = PBXNativeTarget;
			buildConfigurationList = 845427711E56E964000F481D /* Build configuration list for PBXNativeTarget "JHWebViewTests" */;
			buildPhases = (
				845427561E56E964000F481D /* Sources */,
				845427571E56E964000F481D /* Frameworks */,
				845427581E56E964000F481D /* Resources */,
			);
			buildRules = (
			);
			dependencies = (
				8454275C1E56E964000F481D /* PBXTargetDependency */,
			);
			name = JHWebViewTests;
			productName = JHWebViewTests;
			productReference = 8454275A1E56E964000F481D /* JHWebViewTests.xctest */;
			productType = "com.apple.product-type.bundle.unit-test";
		};
		845427641E56E964000F481D /* JHWebViewUITests */ = {
			isa = PBXNativeTarget;
			buildConfigurationList = 845427741E56E964000F481D /* Build configuration list for PBXNativeTarget "JHWebViewUITests" */;
			buildPhases = (
				845427611E56E964000F481D /* Sources */,
				845427621E56E964000F481D /* Frameworks */,
				845427631E56E964000F481D /* Resources */,
			);
			buildRules = (
			);
			dependencies = (
				845427671E56E964000F481D /* PBXTargetDependency */,
			);
			name = JHWebViewUITests;
			productName = JHWebViewUITests;
			productReference = 845427651E56E964000F481D /* JHWebViewUITests.xctest */;
			productType = "com.apple.product-type.bundle.ui-testing";
		};
/* End PBXNativeTarget section */

/* Begin PBXProject section */
		845427391E56E964000F481D /* Project object */ = {
			isa = PBXProject;
			attributes = {
				LastUpgradeCheck = 0820;
				ORGANIZATIONNAME = admin;
				TargetAttributes = {
					845427401E56E964000F481D = {
						CreatedOnToolsVersion = 8.2.1;
						DevelopmentTeam = QDC3KV7D2U;
						ProvisioningStyle = Automatic;
					};
					845427591E56E964000F481D = {
						CreatedOnToolsVersion = 8.2.1;
						DevelopmentTeam = QDC3KV7D2U;
						ProvisioningStyle = Automatic;
						TestTargetID = 845427401E56E964000F481D;
					};
					845427641E56E964000F481D = {
						CreatedOnToolsVersion = 8.2.1;
						DevelopmentTeam = QDC3KV7D2U;
						ProvisioningStyle = Automatic;
						TestTargetID = 845427401E56E964000F481D;
					};
				};
			};
			buildConfigurationList = 8454273C1E56E964000F481D /* Build configuration list for PBXProject "JHWebView" */;
			compatibilityVersion = "Xcode 3.2";
			developmentRegion = English;
			hasScannedForEncodings = 0;
			knownRegions = (
				en,
				Base,
			);
			mainGroup = 845427381E56E964000F481D;
			productRefGroup = 845427421E56E964000F481D /* Products */;
			projectDirPath = "";
			projectRoot = "";
			targets = (
				845427401E56E964000F481D /* JHWebView */,
				845427591E56E964000F481D /* JHWebViewTests */,
				845427641E56E964000F481D /* JHWebViewUITests */,
			);
		};
/* End PBXProject section */

/* Begin PBXResourcesBuildPhase section */
		8454273F1E56E964000F481D /* Resources */ = {
			isa = PBXResourcesBuildPhase;
			buildActionMask = 2147483647;
			files = (
				845427541E56E964000F481D /* LaunchScreen.storyboard in Resources */,
				845427511E56E964000F481D /* Assets.xcassets in Resources */,
				8454274F1E56E964000F481D /* Main.storyboard in Resources */,
			);
			runOnlyForDeploymentPostprocessing = 0;
		};
		845427581E56E964000F481D /* Resources */ = {
			isa = PBXResourcesBuildPhase;
			buildActionMask = 2147483647;
			files = (
			);
			runOnlyForDeploymentPostprocessing = 0;
		};
		845427631E56E964000F481D /* Resources */ = {
			isa = PBXResourcesBuildPhase;
			buildActionMask = 2147483647;
			files = (
			);
			runOnlyForDeploymentPostprocessing = 0;
		};
/* End PBXResourcesBuildPhase section */

/* Begin PBXSourcesBuildPhase section */
		8454273D1E56E964000F481D /* Sources */ = {
			isa = PBXSourcesBuildPhase;
			buildActionMask = 2147483647;
			files = (
				8454274C1E56E964000F481D /* ViewController.m in Sources */,
				845427491E56E964000F481D /* AppDelegate.m in Sources */,
				845427461E56E964000F481D /* main.m in Sources */,
			);
			runOnlyForDeploymentPostprocessing = 0;
		};
		845427561E56E964000F481D /* Sources */ = {
			isa = PBXSourcesBuildPhase;
			buildActionMask = 2147483647;
			files = (
				8454275F1E56E964000F481D /* JHWebViewTests.m in Sources */,
			);
			runOnlyForDeploymentPostprocessing = 0;
		};
		845427611E56E964000F481D /* Sources */ = {
			isa = PBXSourcesBuildPhase;
			buildActionMask = 2147483647;
			files = (
				8454276A1E56E964000F481D /* JHWebViewUITests.m in Sources */,
			);
			runOnlyForDeploymentPostprocessing = 0;
		};
/* End PBXSourcesBuildPhase section */

/* Begin PBXTargetDependency section */
		8454275C1E56E964000F481D /* PBXTargetDependency */ = {
			isa = PBXTargetDependency;
			target = 845427401E56E964000F481D /* JHWebView */;
			targetProxy = 8454275B1E56E964000F481D /* PBXContainerItemProxy */;
		};
		845427671E56E964000F481D /* PBXTargetDependency */ = {
			isa = PBXTargetDependency;
			target = 845427401E56E964000F481D /* JHWebView */;
			targetProxy = 845427661E56E964000F481D /* PBXContainerItemProxy */;
		};
/* End PBXTargetDependency section */

/* Begin PBXVariantGroup section */
		8454274D1E56E964000F481D /* Main.storyboard */ = {
			isa = PBXVariantGroup;
			children = (
				8454274E1E56E964000F481D /* Base */,
			);
			name = Main.storyboard;
			sourceTree = "<group>";
		};
		845427521E56E964000F481D /* LaunchScreen.storyboard */ = {
			isa = PBXVariantGroup;
			children = (
				845427531E56E964000F481D /* Base */,
			);
			name = LaunchScreen.storyboard;
			sourceTree = "<group>";
		};
/* End PBXVariantGroup section */

/* Begin XCBuildConfiguration section */
		8454276C1E56E964000F481D /* Debug */ = {
			isa = XCBuildConfiguration;
			buildSettings = {
				ALWAYS_SEARCH_USER_PATHS = NO;
				CLANG_ANALYZER_NONNULL = YES;
				CLANG_CXX_LANGUAGE_STANDARD = "gnu++0x";
				CLANG_CXX_LIBRARY = "libc++";
				CLANG_ENABLE_MODULES = YES;
				CLANG_ENABLE_OBJC_ARC = YES;
				CLANG_WARN_BOOL_CONVERSION = YES;
				CLANG_WARN_CONSTANT_CONVERSION = YES;
				CLANG_WARN_DIRECT_OBJC_ISA_USAGE = YES_ERROR;
				CLANG_WARN_DOCUMENTATION_COMMENTS = YES;
				CLANG_WARN_EMPTY_BODY = YES;
				CLANG_WARN_ENUM_CONVERSION = YES;
				CLANG_WARN_INFINITE_RECURSION = YES;
				CLANG_WARN_INT_CONVERSION = YES;
				CLANG_WARN_OBJC_ROOT_CLASS = YES_ERROR;
				CLANG_WARN_SUSPICIOUS_MOVE = YES;
				CLANG_WARN_UNREACHABLE_CODE = YES;
				CLANG_WARN__DUPLICATE_METHOD_MATCH = YES;
				"CODE_SIGN_IDENTITY[sdk=iphoneos*]" = "iPhone Developer";
				COPY_PHASE_STRIP = NO;
				DEBUG_INFORMATION_FORMAT = dwarf;
				ENABLE_STRICT_OBJC_MSGSEND = YES;
				ENABLE_TESTABILITY = YES;
				GCC_C_LANGUAGE_STANDARD = gnu99;
				GCC_DYNAMIC_NO_PIC = NO;
				GCC_NO_COMMON_BLOCKS = YES;
				GCC_OPTIMIZATION_LEVEL = 0;
				GCC_PREPROCESSOR_DEFINITIONS = (
					"DEBUG=1",
					"$(inherited)",
				);
				GCC_WARN_64_TO_32_BIT_CONVERSION = YES;
				GCC_WARN_ABOUT_RETURN_TYPE = YES_ERROR;
				GCC_WARN_UNDECLARED_SELECTOR = YES;
				GCC_WARN_UNINITIALIZED_AUTOS = YES_AGGRESSIVE;
				GCC_WARN_UNUSED_FUNCTION = YES;
				GCC_WARN_UNUSED_VARIABLE = YES;
				IPHONEOS_DEPLOYMENT_TARGET = 10.2;
				MTL_ENABLE_DEBUG_INFO = YES;
				ONLY_ACTIVE_ARCH = YES;
				SDKROOT = iphoneos;
				TARGETED_DEVICE_FAMILY = "1,2";
			};
			name = Debug;
		};
		8454276D1E56E964000F481D /* Release */ = {
			isa = XCBuildConfiguration;
			buildSettings = {
				ALWAYS_SEARCH_USER_PATHS = NO;
				CLANG_ANALYZER_NONNULL = YES;
				CLANG_CXX_LANGUAGE_STANDARD = "gnu++0x";
				CLANG_CXX_LIBRARY = "libc++";
				CLANG_ENABLE_MODULES = YES;
				CLANG_ENABLE_OBJC_ARC = YES;
				CLANG_WARN_BOOL_CONVERSION = YES;
				CLANG_WARN_CONSTANT_CONVERSION = YES;
				CLANG_WARN_DIRECT_OBJC_ISA_USAGE = YES_ERROR;
				CLANG_WARN_DOCUMENTATION_COMMENTS = YES;
				CLANG_WARN_EMPTY_BODY = YES;
				CLANG_WARN_ENUM_CONVERSION = YES;
				CLANG_WARN_INFINITE_RECURSION = YES;
				CLANG_WARN_INT_CONVERSION = YES;
				CLANG_WARN_OBJC_ROOT_CLASS = YES_ERROR;
				CLANG_WARN_SUSPICIOUS_MOVE = YES;
				CLANG_WARN_UNREACHABLE_CODE = YES;
				CLANG_WARN__DUPLICATE_METHOD_MATCH = YES;
				"CODE_SIGN_IDENTITY[sdk=iphoneos*]" = "iPhone Developer";
				COPY_PHASE_STRIP = NO;
				DEBUG_INFORMATION_FORMAT = "dwarf-with-dsym";
				ENABLE_NS_ASSERTIONS = NO;
				ENABLE_STRICT_OBJC_MSGSEND = YES;
				GCC_C_LANGUAGE_STANDARD = gnu99;
				GCC_NO_COMMON_BLOCKS = YES;
				GCC_WARN_64_TO_32_BIT_CONVERSION = YES;
				GCC_WARN_ABOUT_RETURN_TYPE = YES_ERROR;
				GCC_WARN_UNDECLARED_SELECTOR = YES;
				GCC_WARN_UNINITIALIZED_AUTOS = YES_AGGRESSIVE;
				GCC_WARN_UNUSED_FUNCTION = YES;
				GCC_WARN_UNUSED_VARIABLE = YES;
				IPHONEOS_DEPLOYMENT_TARGET = 10.2;
				MTL_ENABLE_DEBUG_INFO = NO;
				SDKROOT = iphoneos;
				TARGETED_DEVICE_FAMILY = "1,2";
				VALIDATE_PRODUCT = YES;
			};
			name = Release;
		};
		8454276F1E56E964000F481D /* Debug */ = {
			isa = XCBuildConfiguration;
			buildSettings = {
				ASSETCATALOG_COMPILER_APPICON_NAME = AppIcon;
				DEVELOPMENT_TEAM = QDC3KV7D2U;
				INFOPLIST_FILE = JHWebView/Info.plist;
				LD_RUNPATH_SEARCH_PATHS = "$(inherited) @executable_path/Frameworks";
				PRODUCT_BUNDLE_IDENTIFIER = cn.antrice.JHWebView;
				PRODUCT_NAME = "$(TARGET_NAME)";
			};
			name = Debug;
		};
		845427701E56E964000F481D /* Release */ = {
			isa = XCBuildConfiguration;
			buildSettings = {
				ASSETCATALOG_COMPILER_APPICON_NAME = AppIcon;
				DEVELOPMENT_TEAM = QDC3KV7D2U;
				INFOPLIST_FILE = JHWebView/Info.plist;
				LD_RUNPATH_SEARCH_PATHS = "$(inherited) @executable_path/Frameworks";
				PRODUCT_BUNDLE_IDENTIFIER = cn.antrice.JHWebView;
				PRODUCT_NAME = "$(TARGET_NAME)";
			};
			name = Release;
		};
		845427721E56E964000F481D /* Debug */ = {
			isa = XCBuildConfiguration;
			buildSettings = {
				BUNDLE_LOADER = "$(TEST_HOST)";
				DEVELOPMENT_TEAM = QDC3KV7D2U;
				INFOPLIST_FILE = JHWebViewTests/Info.plist;
				LD_RUNPATH_SEARCH_PATHS = "$(inherited) @executable_path/Frameworks @loader_path/Frameworks";
				PRODUCT_BUNDLE_IDENTIFIER = cn.antrice.JHWebViewTests;
				PRODUCT_NAME = "$(TARGET_NAME)";
				TEST_HOST = "$(BUILT_PRODUCTS_DIR)/JHWebView.app/JHWebView";
			};
			name = Debug;
		};
		845427731E56E964000F481D /* Release */ = {
			isa = XCBuildConfiguration;
			buildSettings = {
				BUNDLE_LOADER = "$(TEST_HOST)";
				DEVELOPMENT_TEAM = QDC3KV7D2U;
				INFOPLIST_FILE = JHWebViewTests/Info.plist;
				LD_RUNPATH_SEARCH_PATHS = "$(inherited) @executable_path/Frameworks @loader_path/Frameworks";
				PRODUCT_BUNDLE_IDENTIFIER = cn.antrice.JHWebViewTests;
				PRODUCT_NAME = "$(TARGET_NAME)";
				TEST_HOST = "$(BUILT_PRODUCTS_DIR)/JHWebView.app/JHWebView";
			};
			name = Release;
		};
		845427751E56E964000F481D /* Debug */ = {
			isa = XCBuildConfiguration;
			buildSettings = {
				DEVELOPMENT_TEAM = QDC3KV7D2U;
				INFOPLIST_FILE = JHWebViewUITests/Info.plist;
				LD_RUNPATH_SEARCH_PATHS = "$(inherited) @executable_path/Frameworks @loader_path/Frameworks";
				PRODUCT_BUNDLE_IDENTIFIER = cn.antrice.JHWebViewUITests;
				PRODUCT_NAME = "$(TARGET_NAME)";
				TEST_TARGET_NAME = JHWebView;
			};
			name = Debug;
		};
		845427761E56E964000F481D /* Release */ = {
			isa = XCBuildConfiguration;
			buildSettings = {
				DEVELOPMENT_TEAM = QDC3KV7D2U;
				INFOPLIST_FILE = JHWebViewUITests/Info.plist;
				LD_RUNPATH_SEARCH_PATHS = "$(inherited) @executable_path/Frameworks @loader_path/Frameworks";
				PRODUCT_BUNDLE_IDENTIFIER = cn.antrice.JHWebViewUITests;
				PRODUCT_NAME = "$(TARGET_NAME)";
				TEST_TARGET_NAME = JHWebView;
			};
			name = Release;
		};
/* End XCBuildConfiguration section */

/* Begin XCConfigurationList section */
		8454273C1E56E964000F481D /* Build configuration list for PBXProject "JHWebView" */ = {
			isa = XCConfigurationList;
			buildConfigurations = (
				8454276C1E56E964000F481D /* Debug */,
				8454276D1E56E964000F481D /* Release */,
			);
			defaultConfigurationIsVisible = 0;
			defaultConfigurationName = Release;
		};
		8454276E1E56E964000F481D /* Build configuration list for PBXNativeTarget "JHWebView" */ = {
			isa = XCConfigurationList;
			buildConfigurations = (
				8454276F1E56E964000F481D /* Debug */,
				845427701E56E964000F481D /* Release */,
			);
			defaultConfigurationIsVisible = 0;
		};
		845427711E56E964000F481D /* Build configuration list for PBXNativeTarget "JHWebViewTests" */ = {
			isa = XCConfigurationList;
			buildConfigurations = (
				845427721E56E964000F481D /* Debug */,
				845427731E56E964000F481D /* Release */,
			);
			defaultConfigurationIsVisible = 0;
		};
		845427741E56E964000F481D /* Build configuration list for PBXNativeTarget "JHWebViewUITests" */ = {
			isa = XCConfigurationList;
			buildConfigurations = (
				845427751E56E964000F481D /* Debug */,
				845427761E56E964000F481D /* Release */,
			);
			defaultConfigurationIsVisible = 0;
		};
/* End XCConfigurationList section */
	};
	rootObject = 845427391E56E964000F481D /* Project object */;
}
